
Microsoft Visual Studio Solution File, Format Version 12.00
# Visual Studio Version 16
VisualStudioVersion = 16.0.31313.79
MinimumVisualStudioVersion = 10.0.40219.1
Project("{FAE04EC0-301F-11D3-BF4B-00C04F79EFBC}") = "Flujo de datos - C2 Ej12", "Flujo de datos - C2 Ej12\Flujo de datos - C2 Ej12.csproj", "{850B0928-CEF1-4BB8-9EAD-26937B685E28}"
EndProject
Global
	GlobalSection(SolutionConfigurationPlatforms) = preSolution
		Debug|Any CPU = Debug|Any CPU
		Release|Any CPU = Release|Any CPU
	EndGlobalSection
	GlobalSection(ProjectConfigurationPlatforms) = postSolution
		{850B0928-CEF1-4BB8-9EAD-26937B685E28}.Debug|Any CPU.ActiveCfg = Debug|Any CPU
		{850B0928-CEF1-4BB8-9EAD-26937B685E28}.Debug|Any CPU.Build.0 = Debug|Any CPU
		{850B0928-CEF1-4BB8-9EAD-26937B685E28}.Release|Any CPU.ActiveCfg = Release|Any CPU
		{850B0928-CEF1-4BB8-9EAD-26937B685E28}.Release|Any CPU.Build.0 = Release|Any CPU
	EndGlobalSection
	GlobalSection(SolutionProperties) = preSolution
		HideSolutionNode = FALSE
	EndGlobalSection
	GlobalSection(ExtensibilityGlobals) = postSolution
		SolutionGuid = {C0E5D67C-C601-4B4A-9AD1-73A7AAD30EC1}
	EndGlobalSection
EndGlobal
